<?xml version="1.0" encoding="utf-8"?>
<Project ToolsVersion="4.0" xmlns="http://schemas.microsoft.com/developer/msbuild/2003">
  <ItemGroup>
    <Filter Include="Public">
      <UniqueIdentifier>{93995380-89BD-4b04-88EB-625FBE52EBFB}</UniqueIdentifier>
      <Extensions>h;hh;hpp;hxx;hm;inl;inc;xsd</Extensions>
    </Filter>
    <Filter Include="Private">
      <UniqueIdentifier>{67DA6AB6-F800-4c08-8B7A-83BB121AAD01}</UniqueIdentifier>
      <Extensions>rc;ico;cur;bmp;dlg;rc2;rct;bin;rgs;gif;jpg;jpeg;jpe;resx;tiff;tif;png;wav;mfcribbon-ms</Extensions>
    </Filter>
    <Filter Include="Classes">
      <UniqueIdentifier>{4FC737F1-C7A5-4376-A066-2A32D752A2FF}</UniqueIdentifier>
      <Extensions>cpp;c;cc;cxx;def;odl;idl;hpj;bat;asm;asmx</Extensions>
    </Filter>
    <Filter Include="Public\HAL">
      <UniqueIdentifier>{b5bd6eaf-7d33-4f2f-b917-c4ea7be547dc}</UniqueIdentifier>
    </Filter>
    <Filter Include="Public\Windows">
      <UniqueIdentifier>{0e0573a7-36b7-4c61-b33d-44bdaa902bd0}</UniqueIdentifier>
    </Filter>
    <Filter Include="Public\GenericPlatform">
      <UniqueIdentifier>{0c8a2026-fecd-4fc5-9073-5d9f65b110cd}</UniqueIdentifier>
    </Filter>
    <Filter Include="Private\Windows">
      <UniqueIdentifier>{0cf5b501-2093-47be-a564-2387acf27c7c}</UniqueIdentifier>
    </Filter>
    <Filter Include="Private\GenericPlatform">
      <UniqueIdentifier>{9191c669-b6db-4bb6-b11a-69cecff0a1a8}</UniqueIdentifier>
    </Filter>
  </ItemGroup>
  <ItemGroup>
    <ClInclude Include="Public\CoreGlobals.h">
      <Filter>Public</Filter>
    </ClInclude>
    <ClInclude Include="Public\Core.h">
      <Filter>Public</Filter>
    </ClInclude>
    <ClInclude Include="Public\HAL\Platform.h">
      <Filter>Public\HAL</Filter>
    </ClInclude>
    <ClInclude Include="Public\Windows\WindowsPlatform.h">
      <Filter>Public\Windows</Filter>
    </ClInclude>
    <ClInclude Include="Public\GenericPlatform\GenericPlatform.h">
      <Filter>Public\GenericPlatform</Filter>
    </ClInclude>
    <ClInclude Include="Public\Windows\WindowsPlatformTLS.h">
      <Filter>Public\Windows</Filter>
    </ClInclude>
    <ClInclude Include="Public\HAL\PlatformTLS.h">
      <Filter>Public\HAL</Filter>
    </ClInclude>
    <ClInclude Include="Public\Windows\WindowsPlatformProcess.h">
      <Filter>Public\Windows</Filter>
    </ClInclude>
    <ClInclude Include="Public\Windows\WindowsApplication.h">
      <Filter>Public\Windows</Filter>
    </ClInclude>
    <ClInclude Include="Public\GenericPlatform\GenericApplication.h">
      <Filter>Public\GenericPlatform</Filter>
    </ClInclude>
    <ClInclude Include="Public\GenericPlatform\GenericPlatformProcess.h">
      <Filter>Public\GenericPlatform</Filter>
    </ClInclude>
    <ClInclude Include="Public\GenericPlatform\GenericWindowDefinition.h">
      <Filter>Public\GenericPlatform</Filter>
    </ClInclude>
    <ClInclude Include="Public\GenericPlatform\GenericWindow.h">
      <Filter>Public\GenericPlatform</Filter>
    </ClInclude>
    <ClInclude Include="Public\Windows\WindowsWindow.h">
      <Filter>Public\Windows</Filter>
    </ClInclude>
    <ClInclude Include="Public\GenericPlatform\GenericPlatformMemory.h">
      <Filter>Public\GenericPlatform</Filter>
    </ClInclude>
    <ClInclude Include="Public\Windows\WindowsPlatformMemory.h">
      <Filter>Public\Windows</Filter>
    </ClInclude>
    <ClInclude Include="Public\HAL\PlatformIncludes.h">
      <Filter>Public\HAL</Filter>
    </ClInclude>
    <ClInclude Include="Public\Windows\WindowsPlatformIncludes.h">
      <Filter>Public\Windows</Filter>
    </ClInclude>
    <ClInclude Include="Public\HAL\ThreadingBase.h">
      <Filter>Public</Filter>
    </ClInclude>
    <ClInclude Include="Public\HAL\Thread\QueuedThread.h">
      <Filter>Public</Filter>
    </ClInclude>
    <ClInclude Include="Public\HAL\Thread\QueuedThreadPool.h">
      <Filter>Public</Filter>
    </ClInclude>
    <ClInclude Include="Public\HAL\Thread\QueuedWork.h">
      <Filter>Public</Filter>
    </ClInclude>
    <ClInclude Include="Public\HAL\Thread\Runnable.h">
      <Filter>Public</Filter>
    </ClInclude>
    <ClInclude Include="Public\HAL\Thread\RunnableThread.h">
      <Filter>Public</Filter>
    </ClInclude>
    <ClInclude Include="Public\HAL\Thread\SingleThreadRunnable.h">
      <Filter>Public</Filter>
    </ClInclude>
    <ClInclude Include="Public\HAL\Thread\Event.h">
      <Filter>Public</Filter>
    </ClInclude>
    <ClInclude Include="Public\HAL\Memory\LilithMemory.h">
      <Filter>Public</Filter>
    </ClInclude>
    <ClInclude Include="Public\HAL\Memory\MallocTBB.h">
      <Filter>Public</Filter>
    </ClInclude>
    <ClInclude Include="Public\HAL\Memory\MemoryBase.h">
      <Filter>Public</Filter>
    </ClInclude>
    <ClInclude Include="Public\Windows\WindowsCriticalSection.h">
      <Filter>Public</Filter>
    </ClInclude>
    <ClInclude Include="Public\HAL\Thread\ThreadManager.h">
      <Filter>Public</Filter>
    </ClInclude>
    <ClInclude Include="Public\HAL\Thread\WindowsRunnableThread.h">
      <Filter>Public</Filter>
    </ClInclude>
    <ClInclude Include="Public\HAL\Thread\FakeThread.h">
      <Filter>Public</Filter>
    </ClInclude>
    <ClInclude Include="Public\HAL\Thread\EventPool.h">
      <Filter>Public</Filter>
    </ClInclude>
    <ClInclude Include="Public\HAL\Thread\SingleThreadEvent.h">
      <Filter>Public</Filter>
    </ClInclude>
    <ClInclude Include="Public\HAL\Thread\WindowsEvent.h">
      <Filter>Public</Filter>
    </ClInclude>
    <ClInclude Include="Public\CorePCH.h">
      <Filter>Public</Filter>
    </ClInclude>
    <ClInclude Include="Public\Math\LilithMath.h">
      <Filter>Public</Filter>
    </ClInclude>
    <ClInclude Include="Public\Windows\WindowsPlatformMath.h">
      <Filter>Public</Filter>
    </ClInclude>
    <ClInclude Include="Public\GenericPlatform\GenericPlatformMath.h">
      <Filter>Public</Filter>
    </ClInclude>
    <ClInclude Include="Public\Windows\XNA\xnamath.h">
      <Filter>Public</Filter>
    </ClInclude>
    <ClInclude Include="Public\Template\TypeHash.h">
      <Filter>Public</Filter>
    </ClInclude>
    <ClInclude Include="Public\Math\Color.h">
      <Filter>Public</Filter>
    </ClInclude>
  </ItemGroup>
  <ItemGroup>
    <ClCompile Include="Private\Core.cpp">
      <Filter>Private</Filter>
    </ClCompile>
    <ClCompile Include="Private\Windows\WindowsApplication.cpp">
      <Filter>Private\Windows</Filter>
    </ClCompile>
    <ClCompile Include="Private\GenericPlatform\GenericWindow.cpp">
      <Filter>Private\GenericPlatform</Filter>
    </ClCompile>
    <ClCompile Include="Private\Windows\WindowsWindow.cpp">
      <Filter>Private\Windows</Filter>
    </ClCompile>
    <ClCompile Include="Private\GenericPlatform\GenericApplication.cpp">
      <Filter>Private\GenericPlatform</Filter>
    </ClCompile>
    <ClCompile Include="Private\GenericPlatform\GenericPlatformProcess.cpp">
      <Filter>Classes</Filter>
    </ClCompile>
    <ClCompile Include="Private\HAL\ThreadingBase.cpp">
      <Filter>Classes</Filter>
    </ClCompile>
    <ClCompile Include="Private\HAL\Thread\Event.cpp">
      <Filter>Classes</Filter>
    </ClCompile>
    <ClCompile Include="Private\HAL\Thread\FRunnableThread.cpp">
      <Filter>Classes</Filter>
    </ClCompile>
    <ClCompile Include="Private\HAL\Thread\QueuedThread.cpp">
      <Filter>Classes</Filter>
    </ClCompile>
    <ClCompile Include="Private\HAL\Thread\QueuedThreadPool.cpp">
      <Filter>Classes</Filter>
    </ClCompile>
    <ClCompile Include="Private\Windows\WindowsPlatformMemory.cpp">
      <Filter>Classes</Filter>
    </ClCompile>
    <ClCompile Include="Private\HAL\Memory\LilithMemory.cpp">
      <Filter>Classes</Filter>
    </ClCompile>
    <ClCompile Include="Private\HAL\Memory\MallocTBB.cpp">
      <Filter>Classes</Filter>
    </ClCompile>
    <ClCompile Include="Private\HAL\Thread\ThreadManager.cpp">
      <Filter>Classes</Filter>
    </ClCompile>
    <ClCompile Include="Private\HAL\Thread\WindowsRunnableThread.cpp">
      <Filter>Classes</Filter>
    </ClCompile>
    <ClCompile Include="Private\Windows\WindowsPlatformProcess.cpp">
      <Filter>Classes</Filter>
    </ClCompile>
    <ClCompile Include="Private\Math\LilithMath.cpp">
      <Filter>Classes</Filter>
    </ClCompile>
    <ClCompile Include="Private\Windows\WindowsPlatformMath.cpp">
      <Filter>Classes</Filter>
    </ClCompile>
  </ItemGroup>
  <ItemGroup>
    <None Include="Public\HAL\Memory\FMemory.inl">
      <Filter>Public</Filter>
    </None>
    <None Include="Public\Windows\XNA\xnamathconvert.inl">
      <Filter>Public</Filter>
    </None>
    <None Include="Public\Windows\XNA\xnamathmatrix.inl">
      <Filter>Public</Filter>
    </None>
    <None Include="Public\Windows\XNA\xnamathmisc.inl">
      <Filter>Public</Filter>
    </None>
    <None Include="Public\Windows\XNA\xnamathvector.inl">
      <Filter>Public</Filter>
    </None>
  </ItemGroup>
</Project>