<?xml version="1.0" encoding="utf-8"?>
<Project ToolsVersion="4.0" xmlns="http://schemas.microsoft.com/developer/msbuild/2003">
  <ItemGroup>
    <Filter Include="Public">
      <UniqueIdentifier>{93995380-89BD-4b04-88EB-625FBE52EBFB}</UniqueIdentifier>
      <Extensions>h;hh;hpp;hxx;hm;inl;inc;xsd</Extensions>
    </Filter>
    <Filter Include="Classes">
      <UniqueIdentifier>{67DA6AB6-F800-4c08-8B7A-83BB121AAD01}</UniqueIdentifier>
      <Extensions>rc;ico;cur;bmp;dlg;rc2;rct;bin;rgs;gif;jpg;jpeg;jpe;resx;tiff;tif;png;wav;mfcribbon-ms</Extensions>
    </Filter>
    <Filter Include="Private">
      <UniqueIdentifier>{4FC737F1-C7A5-4376-A066-2A32D752A2FF}</UniqueIdentifier>
      <Extensions>cpp;c;cc;cxx;def;odl;idl;hpj;bat;asm;asmx</Extensions>
    </Filter>
    <Filter Include="Private\Buffer">
      <UniqueIdentifier>{c604269c-bef0-4dad-8972-2267cc6a6b38}</UniqueIdentifier>
    </Filter>
    <Filter Include="Public\StateCache">
      <UniqueIdentifier>{d898c70b-7aa7-4202-9216-57a00b426c9b}</UniqueIdentifier>
    </Filter>
  </ItemGroup>
  <ItemGroup>
    <ClCompile Include="Private\WindowsD3D11Device.cpp">
      <Filter>Private</Filter>
    </ClCompile>
    <ClCompile Include="Private\D3D11Device.cpp">
      <Filter>Private</Filter>
    </ClCompile>
    <ClCompile Include="Private\D3D11State.cpp">
      <Filter>Private</Filter>
    </ClCompile>
    <ClCompile Include="Private\D3D11VertexDeclaration.cpp">
      <Filter>Private</Filter>
    </ClCompile>
    <ClCompile Include="Private\D3D11Shader.cpp">
      <Filter>Private</Filter>
    </ClCompile>
    <ClCompile Include="Private\Buffer\D3D11IndexBuffer.cpp">
      <Filter>Private\Buffer</Filter>
    </ClCompile>
    <ClCompile Include="Private\Buffer\D3D11UniformBuffer.cpp">
      <Filter>Private\Buffer</Filter>
    </ClCompile>
    <ClCompile Include="Private\Buffer\D3D11StructureBuffer.cpp">
      <Filter>Private\Buffer</Filter>
    </ClCompile>
    <ClCompile Include="Private\Buffer\D3D11VertexBuffer.cpp">
      <Filter>Private\Buffer</Filter>
    </ClCompile>
    <ClCompile Include="Private\D3D11Util.cpp">
      <Filter>Private</Filter>
    </ClCompile>
    <ClCompile Include="Private\D3D11UAV.cpp">
      <Filter>Private</Filter>
    </ClCompile>
    <ClCompile Include="Private\D3D11Texture.cpp">
      <Filter>Private</Filter>
    </ClCompile>
    <ClCompile Include="Private\D3D11SRV.cpp">
      <Filter>Private</Filter>
    </ClCompile>
    <ClCompile Include="Private\D3D11Query.cpp">
      <Filter>Private</Filter>
    </ClCompile>
    <ClCompile Include="Private\D3D11Viewport.cpp">
      <Filter>Private</Filter>
    </ClCompile>
    <ClCompile Include="Private\D3D11RenderTarget.cpp">
      <Filter>Private</Filter>
    </ClCompile>
    <ClCompile Include="Private\D3D11Command.cpp">
      <Filter>Private</Filter>
    </ClCompile>
    <ClCompile Include="Private\D3D11RHI.cpp">
      <Filter>Private</Filter>
    </ClCompile>
    <ClCompile Include="Private\D3D11DeviceStateCapture.cpp">
      <Filter>Private</Filter>
    </ClCompile>
  </ItemGroup>
  <ItemGroup>
    <ClInclude Include="Public\D3D11RHIPCH.h">
      <Filter>Public</Filter>
    </ClInclude>
    <ClInclude Include="Public\WindowsD3D11Device.h">
      <Filter>Public</Filter>
    </ClInclude>
    <ClInclude Include="Public\D3D11RHI.h">
      <Filter>Public</Filter>
    </ClInclude>
    <ClInclude Include="Public\D3D11RHIBasePCH.h">
      <Filter>Public</Filter>
    </ClInclude>
    <ClInclude Include="Private\WindowsD3D11DynamicRHI.h">
      <Filter>Private</Filter>
    </ClInclude>
    <ClInclude Include="Public\D3D11Resources.h">
      <Filter>Public</Filter>
    </ClInclude>
    <ClInclude Include="Public\D3D11Definitions.h">
      <Filter>Public</Filter>
    </ClInclude>
    <ClInclude Include="Public\D3D11Util.h">
      <Filter>Public</Filter>
    </ClInclude>
    <ClInclude Include="Public\D3D11ConstantBuffer.h">
      <Filter>Public</Filter>
    </ClInclude>
    <ClInclude Include="Public\D3D11State.h">
      <Filter>Public</Filter>
    </ClInclude>
    <ClInclude Include="Public\D3D11Viewport.h">
      <Filter>Public</Filter>
    </ClInclude>
    <ClInclude Include="Public\D3D11DeviceStateCapture.h">
      <Filter>Public</Filter>
    </ClInclude>
    <ClInclude Include="Public\StateCache\D3D11StateCache.h">
      <Filter>Public\StateCache</Filter>
    </ClInclude>
    <ClInclude Include="Public\StateCache\D3D11StateCachePrivate.h">
      <Filter>Public\StateCache</Filter>
    </ClInclude>
  </ItemGroup>
</Project>