<?xml version="1.0" encoding="utf-8"?>
<Project ToolsVersion="4.0" xmlns="http://schemas.microsoft.com/developer/msbuild/2003">
  <ItemGroup>
    <Filter Include="Public">
      <UniqueIdentifier>{93995380-89BD-4b04-88EB-625FBE52EBFB}</UniqueIdentifier>
      <Extensions>h;hh;hpp;hxx;hm;inl;inc;xsd</Extensions>
    </Filter>
    <Filter Include="Classes">
      <UniqueIdentifier>{67DA6AB6-F800-4c08-8B7A-83BB121AAD01}</UniqueIdentifier>
      <Extensions>rc;ico;cur;bmp;dlg;rc2;rct;bin;rgs;gif;jpg;jpeg;jpe;resx;tiff;tif;png;wav;mfcribbon-ms</Extensions>
    </Filter>
    <Filter Include="Private">
      <UniqueIdentifier>{4FC737F1-C7A5-4376-A066-2A32D752A2FF}</UniqueIdentifier>
      <Extensions>cpp;c;cc;cxx;def;odl;idl;hpj;bat;asm;asmx</Extensions>
    </Filter>
    <Filter Include="Classes\Engine">
      <UniqueIdentifier>{14fb9a6e-d547-47dd-b56c-cb378bc144b8}</UniqueIdentifier>
    </Filter>
    <Filter Include="Public\Shader">
      <UniqueIdentifier>{dbb4247f-e939-4b39-bcee-536e888b2ff9}</UniqueIdentifier>
    </Filter>
    <Filter Include="Private\Shader">
      <UniqueIdentifier>{48376adf-3fb3-47e6-9ada-db6572a958ee}</UniqueIdentifier>
    </Filter>
  </ItemGroup>
  <ItemGroup>
    <ClCompile Include="Private\UnrealEngine.cpp">
      <Filter>Private</Filter>
    </ClCompile>
    <ClCompile Include="Private\Shader\GlobalShader.cpp">
      <Filter>Private\Shader</Filter>
    </ClCompile>
    <ClCompile Include="Private\Shader\ShaderCompiler.cpp">
      <Filter>Private\Shader</Filter>
    </ClCompile>
  </ItemGroup>
  <ItemGroup>
    <ClInclude Include="Public\EngineGlobals.h">
      <Filter>Public</Filter>
    </ClInclude>
    <ClInclude Include="Classes\Engine\Engine.h">
      <Filter>Classes\Engine</Filter>
    </ClInclude>
    <ClInclude Include="Public\UnrealEngine.h">
      <Filter>Public</Filter>
    </ClInclude>
    <ClInclude Include="Public\EnginePCH.h">
      <Filter>Public</Filter>
    </ClInclude>
    <ClInclude Include="Public\PixelFormat.h">
      <Filter>Public</Filter>
    </ClInclude>
    <ClInclude Include="Public\Shader\GlobalShader.h">
      <Filter>Public\Shader</Filter>
    </ClInclude>
    <ClInclude Include="Public\Shader\ShaderCompiler.h">
      <Filter>Public\Shader</Filter>
    </ClInclude>
  </ItemGroup>
</Project>