
Microsoft Visual Studio Solution File, Format Version 12.00
# Visual Studio 14
VisualStudioVersion = 14.0.23107.0
MinimumVisualStudioVersion = 10.0.40219.1
Project("{8BC9CEB8-8B4A-11D0-8D11-00A0C91BC942}") = "Launch", "..\Source\Runtime\Launch\Launch.vcxproj", "{25F7340F-7161-49F0-9DBB-868982E4899D}"
EndProject
Project("{2150E333-8FDC-42A3-9474-1A3956D46DE8}") = "Runtime", "Runtime", "{91C68492-DFE4-4052-8816-06ECC6895EF4}"
EndProject
Project("{2150E333-8FDC-42A3-9474-1A3956D46DE8}") = "Editor", "Editor", "{C2CB74EC-CA74-4A32-A098-9C9B58896DE3}"
EndProject
Project("{2150E333-8FDC-42A3-9474-1A3956D46DE8}") = "Developer", "Developer", "{2FF10194-D374-4B2A-A953-74924DE23ADB}"
EndProject
Project("{2150E333-8FDC-42A3-9474-1A3956D46DE8}") = "Programs", "Programs", "{B338B4A5-0656-429A-82F9-9D7547745E77}"
EndProject
Project("{2150E333-8FDC-42A3-9474-1A3956D46DE8}") = "ThirdParty", "ThirdParty", "{C3B4D67D-F8BB-45AA-88E0-A54C02F555FA}"
EndProject
Project("{8BC9CEB8-8B4A-11D0-8D11-00A0C91BC942}") = "Core", "..\Source\Runtime\Core\Core.vcxproj", "{9DF07E8F-EBD7-4CAA-A9A0-BFD1BEA9BB19}"
EndProject
Project("{8BC9CEB8-8B4A-11D0-8D11-00A0C91BC942}") = "RenderCore", "..\Source\Runtime\RenderCore\RenderCore.vcxproj", "{C8DC83F3-B237-4FFC-B24B-0B4AB0653C3F}"
EndProject
Project("{8BC9CEB8-8B4A-11D0-8D11-00A0C91BC942}") = "Renderer", "..\Source\Runtime\Renderer\Renderer.vcxproj", "{F6597474-6AD1-4A44-8994-DE75AC48C5F0}"
EndProject
Project("{8BC9CEB8-8B4A-11D0-8D11-00A0C91BC942}") = "ShaderCore", "..\Source\Runtime\ShaderCore\ShaderCore.vcxproj", "{CF1AA374-A590-445B-8F3F-C55F255F23A1}"
EndProject
Project("{8BC9CEB8-8B4A-11D0-8D11-00A0C91BC942}") = "Windows", "..\Source\Runtime\Windows\Windows.vcxproj", "{EE5812E6-FED5-4712-BA77-EBEF70CAA896}"
EndProject
Project("{8BC9CEB8-8B4A-11D0-8D11-00A0C91BC942}") = "RHI", "..\Source\Runtime\RHI\RHI.vcxproj", "{1CFFA510-04EB-4968-A648-0C8E25E4A8C3}"
EndProject
Project("{8BC9CEB8-8B4A-11D0-8D11-00A0C91BC942}") = "Engine", "..\Source\Runtime\Engine\Engine.vcxproj", "{DC4E02BE-DCF3-4B98-A5C7-3F01EA8C4BF7}"
EndProject
Project("{8BC9CEB8-8B4A-11D0-8D11-00A0C91BC942}") = "LilithEd", "..\Source\Editor\UnrealEd\UnrealEd.vcxproj", "{C353D745-B0B1-43E4-A0F5-BA3A084E9B3A}"
EndProject
Project("{8BC9CEB8-8B4A-11D0-8D11-00A0C91BC942}") = "MainFrame", "..\Source\Editor\MainFrame\MainFrame.vcxproj", "{964E054C-D9EF-4BC0-ADC5-12901E2122D5}"
EndProject
Project("{8BC9CEB8-8B4A-11D0-8D11-00A0C91BC942}") = "tbbmalloc", "..\Source\ThirdParty\IntelTBB\IntelTBB-4.4u3\build\Windows_vc14\tbbmalloc.vcxproj", "{B15F131E-328A-4D42-ADC2-9FF4CA6306D8}"
EndProject
Global
	GlobalSection(SolutionConfigurationPlatforms) = preSolution
		Debug|x64 = Debug|x64
		Debug|x86 = Debug|x86
		Debug-MT|x64 = Debug-MT|x64
		Debug-MT|x86 = Debug-MT|x86
		Release|x64 = Release|x64
		Release|x86 = Release|x86
		Release-MT|x64 = Release-MT|x64
		Release-MT|x86 = Release-MT|x86
	EndGlobalSection
	GlobalSection(ProjectConfigurationPlatforms) = postSolution
		{25F7340F-7161-49F0-9DBB-868982E4899D}.Debug|x64.ActiveCfg = Debug|x64
		{25F7340F-7161-49F0-9DBB-868982E4899D}.Debug|x64.Build.0 = Debug|x64
		{25F7340F-7161-49F0-9DBB-868982E4899D}.Debug|x86.ActiveCfg = Debug|Win32
		{25F7340F-7161-49F0-9DBB-868982E4899D}.Debug|x86.Build.0 = Debug|Win32
		{25F7340F-7161-49F0-9DBB-868982E4899D}.Debug-MT|x64.ActiveCfg = Debug|x64
		{25F7340F-7161-49F0-9DBB-868982E4899D}.Debug-MT|x64.Build.0 = Debug|x64
		{25F7340F-7161-49F0-9DBB-868982E4899D}.Debug-MT|x86.ActiveCfg = Debug|Win32
		{25F7340F-7161-49F0-9DBB-868982E4899D}.Debug-MT|x86.Build.0 = Debug|Win32
		{25F7340F-7161-49F0-9DBB-868982E4899D}.Release|x64.ActiveCfg = Release|x64
		{25F7340F-7161-49F0-9DBB-868982E4899D}.Release|x64.Build.0 = Release|x64
		{25F7340F-7161-49F0-9DBB-868982E4899D}.Release|x86.ActiveCfg = Release|Win32
		{25F7340F-7161-49F0-9DBB-868982E4899D}.Release|x86.Build.0 = Release|Win32
		{25F7340F-7161-49F0-9DBB-868982E4899D}.Release-MT|x64.ActiveCfg = Release|x64
		{25F7340F-7161-49F0-9DBB-868982E4899D}.Release-MT|x64.Build.0 = Release|x64
		{25F7340F-7161-49F0-9DBB-868982E4899D}.Release-MT|x86.ActiveCfg = Release|Win32
		{25F7340F-7161-49F0-9DBB-868982E4899D}.Release-MT|x86.Build.0 = Release|Win32
		{9DF07E8F-EBD7-4CAA-A9A0-BFD1BEA9BB19}.Debug|x64.ActiveCfg = Debug|x64
		{9DF07E8F-EBD7-4CAA-A9A0-BFD1BEA9BB19}.Debug|x64.Build.0 = Debug|x64
		{9DF07E8F-EBD7-4CAA-A9A0-BFD1BEA9BB19}.Debug|x86.ActiveCfg = Debug|Win32
		{9DF07E8F-EBD7-4CAA-A9A0-BFD1BEA9BB19}.Debug|x86.Build.0 = Debug|Win32
		{9DF07E8F-EBD7-4CAA-A9A0-BFD1BEA9BB19}.Debug-MT|x64.ActiveCfg = Debug|x64
		{9DF07E8F-EBD7-4CAA-A9A0-BFD1BEA9BB19}.Debug-MT|x64.Build.0 = Debug|x64
		{9DF07E8F-EBD7-4CAA-A9A0-BFD1BEA9BB19}.Debug-MT|x86.ActiveCfg = Debug|Win32
		{9DF07E8F-EBD7-4CAA-A9A0-BFD1BEA9BB19}.Debug-MT|x86.Build.0 = Debug|Win32
		{9DF07E8F-EBD7-4CAA-A9A0-BFD1BEA9BB19}.Release|x64.ActiveCfg = Release|x64
		{9DF07E8F-EBD7-4CAA-A9A0-BFD1BEA9BB19}.Release|x64.Build.0 = Release|x64
		{9DF07E8F-EBD7-4CAA-A9A0-BFD1BEA9BB19}.Release|x86.ActiveCfg = Release|Win32
		{9DF07E8F-EBD7-4CAA-A9A0-BFD1BEA9BB19}.Release|x86.Build.0 = Release|Win32
		{9DF07E8F-EBD7-4CAA-A9A0-BFD1BEA9BB19}.Release-MT|x64.ActiveCfg = Release|x64
		{9DF07E8F-EBD7-4CAA-A9A0-BFD1BEA9BB19}.Release-MT|x64.Build.0 = Release|x64
		{9DF07E8F-EBD7-4CAA-A9A0-BFD1BEA9BB19}.Release-MT|x86.ActiveCfg = Release|Win32
		{9DF07E8F-EBD7-4CAA-A9A0-BFD1BEA9BB19}.Release-MT|x86.Build.0 = Release|Win32
		{C8DC83F3-B237-4FFC-B24B-0B4AB0653C3F}.Debug|x64.ActiveCfg = Debug|x64
		{C8DC83F3-B237-4FFC-B24B-0B4AB0653C3F}.Debug|x64.Build.0 = Debug|x64
		{C8DC83F3-B237-4FFC-B24B-0B4AB0653C3F}.Debug|x86.ActiveCfg = Debug|Win32
		{C8DC83F3-B237-4FFC-B24B-0B4AB0653C3F}.Debug|x86.Build.0 = Debug|Win32
		{C8DC83F3-B237-4FFC-B24B-0B4AB0653C3F}.Debug-MT|x64.ActiveCfg = Debug|x64
		{C8DC83F3-B237-4FFC-B24B-0B4AB0653C3F}.Debug-MT|x64.Build.0 = Debug|x64
		{C8DC83F3-B237-4FFC-B24B-0B4AB0653C3F}.Debug-MT|x86.ActiveCfg = Debug|Win32
		{C8DC83F3-B237-4FFC-B24B-0B4AB0653C3F}.Debug-MT|x86.Build.0 = Debug|Win32
		{C8DC83F3-B237-4FFC-B24B-0B4AB0653C3F}.Release|x64.ActiveCfg = Release|x64
		{C8DC83F3-B237-4FFC-B24B-0B4AB0653C3F}.Release|x64.Build.0 = Release|x64
		{C8DC83F3-B237-4FFC-B24B-0B4AB0653C3F}.Release|x86.ActiveCfg = Release|Win32
		{C8DC83F3-B237-4FFC-B24B-0B4AB0653C3F}.Release|x86.Build.0 = Release|Win32
		{C8DC83F3-B237-4FFC-B24B-0B4AB0653C3F}.Release-MT|x64.ActiveCfg = Release|x64
		{C8DC83F3-B237-4FFC-B24B-0B4AB0653C3F}.Release-MT|x64.Build.0 = Release|x64
		{C8DC83F3-B237-4FFC-B24B-0B4AB0653C3F}.Release-MT|x86.ActiveCfg = Release|Win32
		{C8DC83F3-B237-4FFC-B24B-0B4AB0653C3F}.Release-MT|x86.Build.0 = Release|Win32
		{F6597474-6AD1-4A44-8994-DE75AC48C5F0}.Debug|x64.ActiveCfg = Debug|x64
		{F6597474-6AD1-4A44-8994-DE75AC48C5F0}.Debug|x64.Build.0 = Debug|x64
		{F6597474-6AD1-4A44-8994-DE75AC48C5F0}.Debug|x86.ActiveCfg = Debug|Win32
		{F6597474-6AD1-4A44-8994-DE75AC48C5F0}.Debug|x86.Build.0 = Debug|Win32
		{F6597474-6AD1-4A44-8994-DE75AC48C5F0}.Debug-MT|x64.ActiveCfg = Debug|x64
		{F6597474-6AD1-4A44-8994-DE75AC48C5F0}.Debug-MT|x64.Build.0 = Debug|x64
		{F6597474-6AD1-4A44-8994-DE75AC48C5F0}.Debug-MT|x86.ActiveCfg = Debug|Win32
		{F6597474-6AD1-4A44-8994-DE75AC48C5F0}.Debug-MT|x86.Build.0 = Debug|Win32
		{F6597474-6AD1-4A44-8994-DE75AC48C5F0}.Release|x64.ActiveCfg = Release|x64
		{F6597474-6AD1-4A44-8994-DE75AC48C5F0}.Release|x64.Build.0 = Release|x64
		{F6597474-6AD1-4A44-8994-DE75AC48C5F0}.Release|x86.ActiveCfg = Release|Win32
		{F6597474-6AD1-4A44-8994-DE75AC48C5F0}.Release|x86.Build.0 = Release|Win32
		{F6597474-6AD1-4A44-8994-DE75AC48C5F0}.Release-MT|x64.ActiveCfg = Release|x64
		{F6597474-6AD1-4A44-8994-DE75AC48C5F0}.Release-MT|x64.Build.0 = Release|x64
		{F6597474-6AD1-4A44-8994-DE75AC48C5F0}.Release-MT|x86.ActiveCfg = Release|Win32
		{F6597474-6AD1-4A44-8994-DE75AC48C5F0}.Release-MT|x86.Build.0 = Release|Win32
		{CF1AA374-A590-445B-8F3F-C55F255F23A1}.Debug|x64.ActiveCfg = Debug|x64
		{CF1AA374-A590-445B-8F3F-C55F255F23A1}.Debug|x64.Build.0 = Debug|x64
		{CF1AA374-A590-445B-8F3F-C55F255F23A1}.Debug|x86.ActiveCfg = Debug|Win32
		{CF1AA374-A590-445B-8F3F-C55F255F23A1}.Debug|x86.Build.0 = Debug|Win32
		{CF1AA374-A590-445B-8F3F-C55F255F23A1}.Debug-MT|x64.ActiveCfg = Debug|x64
		{CF1AA374-A590-445B-8F3F-C55F255F23A1}.Debug-MT|x64.Build.0 = Debug|x64
		{CF1AA374-A590-445B-8F3F-C55F255F23A1}.Debug-MT|x86.ActiveCfg = Debug|Win32
		{CF1AA374-A590-445B-8F3F-C55F255F23A1}.Debug-MT|x86.Build.0 = Debug|Win32
		{CF1AA374-A590-445B-8F3F-C55F255F23A1}.Release|x64.ActiveCfg = Release|x64
		{CF1AA374-A590-445B-8F3F-C55F255F23A1}.Release|x64.Build.0 = Release|x64
		{CF1AA374-A590-445B-8F3F-C55F255F23A1}.Release|x86.ActiveCfg = Release|Win32
		{CF1AA374-A590-445B-8F3F-C55F255F23A1}.Release|x86.Build.0 = Release|Win32
		{CF1AA374-A590-445B-8F3F-C55F255F23A1}.Release-MT|x64.ActiveCfg = Release|x64
		{CF1AA374-A590-445B-8F3F-C55F255F23A1}.Release-MT|x64.Build.0 = Release|x64
		{CF1AA374-A590-445B-8F3F-C55F255F23A1}.Release-MT|x86.ActiveCfg = Release|Win32
		{CF1AA374-A590-445B-8F3F-C55F255F23A1}.Release-MT|x86.Build.0 = Release|Win32
		{EE5812E6-FED5-4712-BA77-EBEF70CAA896}.Debug|x64.ActiveCfg = Debug|x64
		{EE5812E6-FED5-4712-BA77-EBEF70CAA896}.Debug|x64.Build.0 = Debug|x64
		{EE5812E6-FED5-4712-BA77-EBEF70CAA896}.Debug|x86.ActiveCfg = Debug|Win32
		{EE5812E6-FED5-4712-BA77-EBEF70CAA896}.Debug|x86.Build.0 = Debug|Win32
		{EE5812E6-FED5-4712-BA77-EBEF70CAA896}.Debug-MT|x64.ActiveCfg = Debug|x64
		{EE5812E6-FED5-4712-BA77-EBEF70CAA896}.Debug-MT|x64.Build.0 = Debug|x64
		{EE5812E6-FED5-4712-BA77-EBEF70CAA896}.Debug-MT|x86.ActiveCfg = Debug|Win32
		{EE5812E6-FED5-4712-BA77-EBEF70CAA896}.Debug-MT|x86.Build.0 = Debug|Win32
		{EE5812E6-FED5-4712-BA77-EBEF70CAA896}.Release|x64.ActiveCfg = Release|x64
		{EE5812E6-FED5-4712-BA77-EBEF70CAA896}.Release|x64.Build.0 = Release|x64
		{EE5812E6-FED5-4712-BA77-EBEF70CAA896}.Release|x86.ActiveCfg = Release|Win32
		{EE5812E6-FED5-4712-BA77-EBEF70CAA896}.Release|x86.Build.0 = Release|Win32
		{EE5812E6-FED5-4712-BA77-EBEF70CAA896}.Release-MT|x64.ActiveCfg = Release|x64
		{EE5812E6-FED5-4712-BA77-EBEF70CAA896}.Release-MT|x64.Build.0 = Release|x64
		{EE5812E6-FED5-4712-BA77-EBEF70CAA896}.Release-MT|x86.ActiveCfg = Release|Win32
		{EE5812E6-FED5-4712-BA77-EBEF70CAA896}.Release-MT|x86.Build.0 = Release|Win32
		{1CFFA510-04EB-4968-A648-0C8E25E4A8C3}.Debug|x64.ActiveCfg = Debug|x64
		{1CFFA510-04EB-4968-A648-0C8E25E4A8C3}.Debug|x64.Build.0 = Debug|x64
		{1CFFA510-04EB-4968-A648-0C8E25E4A8C3}.Debug|x86.ActiveCfg = Debug|Win32
		{1CFFA510-04EB-4968-A648-0C8E25E4A8C3}.Debug|x86.Build.0 = Debug|Win32
		{1CFFA510-04EB-4968-A648-0C8E25E4A8C3}.Debug-MT|x64.ActiveCfg = Debug|x64
		{1CFFA510-04EB-4968-A648-0C8E25E4A8C3}.Debug-MT|x64.Build.0 = Debug|x64
		{1CFFA510-04EB-4968-A648-0C8E25E4A8C3}.Debug-MT|x86.ActiveCfg = Debug|Win32
		{1CFFA510-04EB-4968-A648-0C8E25E4A8C3}.Debug-MT|x86.Build.0 = Debug|Win32
		{1CFFA510-04EB-4968-A648-0C8E25E4A8C3}.Release|x64.ActiveCfg = Release|x64
		{1CFFA510-04EB-4968-A648-0C8E25E4A8C3}.Release|x64.Build.0 = Release|x64
		{1CFFA510-04EB-4968-A648-0C8E25E4A8C3}.Release|x86.ActiveCfg = Release|Win32
		{1CFFA510-04EB-4968-A648-0C8E25E4A8C3}.Release|x86.Build.0 = Release|Win32
		{1CFFA510-04EB-4968-A648-0C8E25E4A8C3}.Release-MT|x64.ActiveCfg = Release|x64
		{1CFFA510-04EB-4968-A648-0C8E25E4A8C3}.Release-MT|x64.Build.0 = Release|x64
		{1CFFA510-04EB-4968-A648-0C8E25E4A8C3}.Release-MT|x86.ActiveCfg = Release|Win32
		{1CFFA510-04EB-4968-A648-0C8E25E4A8C3}.Release-MT|x86.Build.0 = Release|Win32
		{DC4E02BE-DCF3-4B98-A5C7-3F01EA8C4BF7}.Debug|x64.ActiveCfg = Debug|x64
		{DC4E02BE-DCF3-4B98-A5C7-3F01EA8C4BF7}.Debug|x64.Build.0 = Debug|x64
		{DC4E02BE-DCF3-4B98-A5C7-3F01EA8C4BF7}.Debug|x86.ActiveCfg = Debug|Win32
		{DC4E02BE-DCF3-4B98-A5C7-3F01EA8C4BF7}.Debug|x86.Build.0 = Debug|Win32
		{DC4E02BE-DCF3-4B98-A5C7-3F01EA8C4BF7}.Debug-MT|x64.ActiveCfg = Debug|x64
		{DC4E02BE-DCF3-4B98-A5C7-3F01EA8C4BF7}.Debug-MT|x64.Build.0 = Debug|x64
		{DC4E02BE-DCF3-4B98-A5C7-3F01EA8C4BF7}.Debug-MT|x86.ActiveCfg = Debug|Win32
		{DC4E02BE-DCF3-4B98-A5C7-3F01EA8C4BF7}.Debug-MT|x86.Build.0 = Debug|Win32
		{DC4E02BE-DCF3-4B98-A5C7-3F01EA8C4BF7}.Release|x64.ActiveCfg = Release|x64
		{DC4E02BE-DCF3-4B98-A5C7-3F01EA8C4BF7}.Release|x64.Build.0 = Release|x64
		{DC4E02BE-DCF3-4B98-A5C7-3F01EA8C4BF7}.Release|x86.ActiveCfg = Release|Win32
		{DC4E02BE-DCF3-4B98-A5C7-3F01EA8C4BF7}.Release|x86.Build.0 = Release|Win32
		{DC4E02BE-DCF3-4B98-A5C7-3F01EA8C4BF7}.Release-MT|x64.ActiveCfg = Release|x64
		{DC4E02BE-DCF3-4B98-A5C7-3F01EA8C4BF7}.Release-MT|x64.Build.0 = Release|x64
		{DC4E02BE-DCF3-4B98-A5C7-3F01EA8C4BF7}.Release-MT|x86.ActiveCfg = Release|Win32
		{DC4E02BE-DCF3-4B98-A5C7-3F01EA8C4BF7}.Release-MT|x86.Build.0 = Release|Win32
		{C353D745-B0B1-43E4-A0F5-BA3A084E9B3A}.Debug|x64.ActiveCfg = Debug|x64
		{C353D745-B0B1-43E4-A0F5-BA3A084E9B3A}.Debug|x64.Build.0 = Debug|x64
		{C353D745-B0B1-43E4-A0F5-BA3A084E9B3A}.Debug|x86.ActiveCfg = Debug|Win32
		{C353D745-B0B1-43E4-A0F5-BA3A084E9B3A}.Debug|x86.Build.0 = Debug|Win32
		{C353D745-B0B1-43E4-A0F5-BA3A084E9B3A}.Debug-MT|x64.ActiveCfg = Debug|x64
		{C353D745-B0B1-43E4-A0F5-BA3A084E9B3A}.Debug-MT|x64.Build.0 = Debug|x64
		{C353D745-B0B1-43E4-A0F5-BA3A084E9B3A}.Debug-MT|x86.ActiveCfg = Debug|Win32
		{C353D745-B0B1-43E4-A0F5-BA3A084E9B3A}.Debug-MT|x86.Build.0 = Debug|Win32
		{C353D745-B0B1-43E4-A0F5-BA3A084E9B3A}.Release|x64.ActiveCfg = Release|x64
		{C353D745-B0B1-43E4-A0F5-BA3A084E9B3A}.Release|x64.Build.0 = Release|x64
		{C353D745-B0B1-43E4-A0F5-BA3A084E9B3A}.Release|x86.ActiveCfg = Release|Win32
		{C353D745-B0B1-43E4-A0F5-BA3A084E9B3A}.Release|x86.Build.0 = Release|Win32
		{C353D745-B0B1-43E4-A0F5-BA3A084E9B3A}.Release-MT|x64.ActiveCfg = Release|x64
		{C353D745-B0B1-43E4-A0F5-BA3A084E9B3A}.Release-MT|x64.Build.0 = Release|x64
		{C353D745-B0B1-43E4-A0F5-BA3A084E9B3A}.Release-MT|x86.ActiveCfg = Release|Win32
		{C353D745-B0B1-43E4-A0F5-BA3A084E9B3A}.Release-MT|x86.Build.0 = Release|Win32
		{964E054C-D9EF-4BC0-ADC5-12901E2122D5}.Debug|x64.ActiveCfg = Debug|x64
		{964E054C-D9EF-4BC0-ADC5-12901E2122D5}.Debug|x64.Build.0 = Debug|x64
		{964E054C-D9EF-4BC0-ADC5-12901E2122D5}.Debug|x86.ActiveCfg = Debug|Win32
		{964E054C-D9EF-4BC0-ADC5-12901E2122D5}.Debug|x86.Build.0 = Debug|Win32
		{964E054C-D9EF-4BC0-ADC5-12901E2122D5}.Debug-MT|x64.ActiveCfg = Debug|x64
		{964E054C-D9EF-4BC0-ADC5-12901E2122D5}.Debug-MT|x64.Build.0 = Debug|x64
		{964E054C-D9EF-4BC0-ADC5-12901E2122D5}.Debug-MT|x86.ActiveCfg = Debug|Win32
		{964E054C-D9EF-4BC0-ADC5-12901E2122D5}.Debug-MT|x86.Build.0 = Debug|Win32
		{964E054C-D9EF-4BC0-ADC5-12901E2122D5}.Release|x64.ActiveCfg = Release|x64
		{964E054C-D9EF-4BC0-ADC5-12901E2122D5}.Release|x64.Build.0 = Release|x64
		{964E054C-D9EF-4BC0-ADC5-12901E2122D5}.Release|x86.ActiveCfg = Release|Win32
		{964E054C-D9EF-4BC0-ADC5-12901E2122D5}.Release|x86.Build.0 = Release|Win32
		{964E054C-D9EF-4BC0-ADC5-12901E2122D5}.Release-MT|x64.ActiveCfg = Release|x64
		{964E054C-D9EF-4BC0-ADC5-12901E2122D5}.Release-MT|x64.Build.0 = Release|x64
		{964E054C-D9EF-4BC0-ADC5-12901E2122D5}.Release-MT|x86.ActiveCfg = Release|Win32
		{964E054C-D9EF-4BC0-ADC5-12901E2122D5}.Release-MT|x86.Build.0 = Release|Win32
		{B15F131E-328A-4D42-ADC2-9FF4CA6306D8}.Debug|x64.ActiveCfg = Debug|x64
		{B15F131E-328A-4D42-ADC2-9FF4CA6306D8}.Debug|x64.Build.0 = Debug|x64
		{B15F131E-328A-4D42-ADC2-9FF4CA6306D8}.Debug|x86.ActiveCfg = Debug|Win32
		{B15F131E-328A-4D42-ADC2-9FF4CA6306D8}.Debug|x86.Build.0 = Debug|Win32
		{B15F131E-328A-4D42-ADC2-9FF4CA6306D8}.Debug-MT|x64.ActiveCfg = Debug-MT|x64
		{B15F131E-328A-4D42-ADC2-9FF4CA6306D8}.Debug-MT|x64.Build.0 = Debug-MT|x64
		{B15F131E-328A-4D42-ADC2-9FF4CA6306D8}.Debug-MT|x86.ActiveCfg = Debug-MT|Win32
		{B15F131E-328A-4D42-ADC2-9FF4CA6306D8}.Debug-MT|x86.Build.0 = Debug-MT|Win32
		{B15F131E-328A-4D42-ADC2-9FF4CA6306D8}.Release|x64.ActiveCfg = Release|x64
		{B15F131E-328A-4D42-ADC2-9FF4CA6306D8}.Release|x64.Build.0 = Release|x64
		{B15F131E-328A-4D42-ADC2-9FF4CA6306D8}.Release|x86.ActiveCfg = Release|Win32
		{B15F131E-328A-4D42-ADC2-9FF4CA6306D8}.Release|x86.Build.0 = Release|Win32
		{B15F131E-328A-4D42-ADC2-9FF4CA6306D8}.Release-MT|x64.ActiveCfg = Release-MT|x64
		{B15F131E-328A-4D42-ADC2-9FF4CA6306D8}.Release-MT|x64.Build.0 = Release-MT|x64
		{B15F131E-328A-4D42-ADC2-9FF4CA6306D8}.Release-MT|x86.ActiveCfg = Release-MT|Win32
		{B15F131E-328A-4D42-ADC2-9FF4CA6306D8}.Release-MT|x86.Build.0 = Release-MT|Win32
	EndGlobalSection
	GlobalSection(SolutionProperties) = preSolution
		HideSolutionNode = FALSE
	EndGlobalSection
	GlobalSection(NestedProjects) = preSolution
		{25F7340F-7161-49F0-9DBB-868982E4899D} = {91C68492-DFE4-4052-8816-06ECC6895EF4}
		{9DF07E8F-EBD7-4CAA-A9A0-BFD1BEA9BB19} = {91C68492-DFE4-4052-8816-06ECC6895EF4}
		{C8DC83F3-B237-4FFC-B24B-0B4AB0653C3F} = {91C68492-DFE4-4052-8816-06ECC6895EF4}
		{F6597474-6AD1-4A44-8994-DE75AC48C5F0} = {91C68492-DFE4-4052-8816-06ECC6895EF4}
		{CF1AA374-A590-445B-8F3F-C55F255F23A1} = {91C68492-DFE4-4052-8816-06ECC6895EF4}
		{EE5812E6-FED5-4712-BA77-EBEF70CAA896} = {91C68492-DFE4-4052-8816-06ECC6895EF4}
		{1CFFA510-04EB-4968-A648-0C8E25E4A8C3} = {91C68492-DFE4-4052-8816-06ECC6895EF4}
		{DC4E02BE-DCF3-4B98-A5C7-3F01EA8C4BF7} = {91C68492-DFE4-4052-8816-06ECC6895EF4}
		{C353D745-B0B1-43E4-A0F5-BA3A084E9B3A} = {C2CB74EC-CA74-4A32-A098-9C9B58896DE3}
		{964E054C-D9EF-4BC0-ADC5-12901E2122D5} = {C2CB74EC-CA74-4A32-A098-9C9B58896DE3}
		{B15F131E-328A-4D42-ADC2-9FF4CA6306D8} = {C3B4D67D-F8BB-45AA-88E0-A54C02F555FA}
	EndGlobalSection
EndGlobal
